// !$*UTF8*$!
{
	archiveVersion = 1;
	classes = {
	};
	objectVersion = 52;
	objects = {

/* Begin PBXBuildFile section */
		444FE3322572B808008D45EC /* SideDishUseCaseTests.swift in Sources */ = {isa = PBXBuildFile; fileRef = 444FE3312572B808008D45EC /* SideDishUseCaseTests.swift */; };
		444FE3362572BFDD008D45EC /* SideDish+Encodable.swift in Sources */ = {isa = PBXBuildFile; fileRef = 444FE3352572BFDD008D45EC /* SideDish+Encodable.swift */; };
		444FE33A2572C001008D45EC /* UseCaseError+Equatable.swift in Sources */ = {isa = PBXBuildFile; fileRef = 444FE3392572C001008D45EC /* UseCaseError+Equatable.swift */; };
		444FE33F2572C037008D45EC /* MockRequest.swift in Sources */ = {isa = PBXBuildFile; fileRef = 444FE33E2572C037008D45EC /* MockRequest.swift */; };
		444FE3452572C051008D45EC /* MockNetworkService.swift in Sources */ = {isa = PBXBuildFile; fileRef = 444FE3442572C051008D45EC /* MockNetworkService.swift */; };
		444FE3492572C188008D45EC /* SideDishViewModelTests.swift in Sources */ = {isa = PBXBuildFile; fileRef = 444FE3482572C188008D45EC /* SideDishViewModelTests.swift */; };
		444FE34D2572C7CB008D45EC /* MockSideDishUseCase.swift in Sources */ = {isa = PBXBuildFile; fileRef = 444FE34C2572C7CB008D45EC /* MockSideDishUseCase.swift */; };
		444FE3512572C804008D45EC /* SideDishViewModel.State+Equatable.swift in Sources */ = {isa = PBXBuildFile; fileRef = 444FE3502572C804008D45EC /* SideDishViewModel.State+Equatable.swift */; };
		444FE3552572C832008D45EC /* SideDishCategory+Equatable.swift in Sources */ = {isa = PBXBuildFile; fileRef = 444FE3542572C832008D45EC /* SideDishCategory+Equatable.swift */; };
		44988C4D257225EF00B5ADD5 /* NetworkService.swift in Sources */ = {isa = PBXBuildFile; fileRef = 44988C4C257225EF00B5ADD5 /* NetworkService.swift */; };
		44988C5625722ACC00B5ADD5 /* NetworkServiceTests.swift in Sources */ = {isa = PBXBuildFile; fileRef = 44988C5525722ACC00B5ADD5 /* NetworkServiceTests.swift */; };
		44988C6325722EAD00B5ADD5 /* NetworkError+Equatable.swift in Sources */ = {isa = PBXBuildFile; fileRef = 44988C6225722EAD00B5ADD5 /* NetworkError+Equatable.swift */; };
		44988C6925722FEE00B5ADD5 /* SideDishUseCase.swift in Sources */ = {isa = PBXBuildFile; fileRef = 44988C6825722FEE00B5ADD5 /* SideDishUseCase.swift */; };
		44988C6D2572353800B5ADD5 /* EndPoint.swift in Sources */ = {isa = PBXBuildFile; fileRef = 44988C6C2572353800B5ADD5 /* EndPoint.swift */; };
		44988C71257236A800B5ADD5 /* StatusBarModifier.swift in Sources */ = {isa = PBXBuildFile; fileRef = 44988C70257236A800B5ADD5 /* StatusBarModifier.swift */; };
		44988C7525723D1100B5ADD5 /* SideDishViewModel.swift in Sources */ = {isa = PBXBuildFile; fileRef = 44988C7425723D1100B5ADD5 /* SideDishViewModel.swift */; };
		44BE6F182571FC4200BF8151 /* SideDishApp.swift in Sources */ = {isa = PBXBuildFile; fileRef = 44BE6F172571FC4200BF8151 /* SideDishApp.swift */; };
		44BE6F1C2571FC4300BF8151 /* Assets.xcassets in Resources */ = {isa = PBXBuildFile; fileRef = 44BE6F1B2571FC4300BF8151 /* Assets.xcassets */; };
		44BE6F1F2571FC4300BF8151 /* Preview Assets.xcassets in Resources */ = {isa = PBXBuildFile; fileRef = 44BE6F1E2571FC4300BF8151 /* Preview Assets.xcassets */; };
		44BE6F282571FE4200BF8151 /* SideDishRow.swift in Sources */ = {isa = PBXBuildFile; fileRef = 44BE6F272571FE4200BF8151 /* SideDishRow.swift */; };
		44BE6F2B2572035400BF8151 /* Badge.swift in Sources */ = {isa = PBXBuildFile; fileRef = 44BE6F2A2572035400BF8151 /* Badge.swift */; };
		44BE6F322572066B00BF8151 /* Color+Extensions.swift in Sources */ = {isa = PBXBuildFile; fileRef = 44BE6F312572066B00BF8151 /* Color+Extensions.swift */; };
		44DF73FB2572B24E001313A0 /* SideDishList.swift in Sources */ = {isa = PBXBuildFile; fileRef = 44DF73FA2572B24E001313A0 /* SideDishList.swift */; };
		44E365802572786E00D49C58 /* KingfisherSwiftUI in Frameworks */ = {isa = PBXBuildFile; productRef = 44E3657F2572786E00D49C58 /* KingfisherSwiftUI */; };
		44E47131257208BE00FAB924 /* TextModifiers.swift in Sources */ = {isa = PBXBuildFile; fileRef = 44E47130257208BE00FAB924 /* TextModifiers.swift */; };
		44E4713525720C7B00FAB924 /* Font+Extensions.swift in Sources */ = {isa = PBXBuildFile; fileRef = 44E4713425720C7B00FAB924 /* Font+Extensions.swift */; };
		44E4713D25720EA500FAB924 /* SideDish.swift in Sources */ = {isa = PBXBuildFile; fileRef = 44E4713C25720EA500FAB924 /* SideDish.swift */; };
		44E47144257211FC00FAB924 /* SideDishHome.swift in Sources */ = {isa = PBXBuildFile; fileRef = 44E47143257211FC00FAB924 /* SideDishHome.swift */; };
		44E4714E25721CE600FAB924 /* SideDishHeader.swift in Sources */ = {isa = PBXBuildFile; fileRef = 44E4714D25721CE600FAB924 /* SideDishHeader.swift */; };
		44F81EDE2573604C000780D2 /* SideDishDetail.swift in Sources */ = {isa = PBXBuildFile; fileRef = 44F81EDD2573604C000780D2 /* SideDishDetail.swift */; };
/* End PBXBuildFile section */

/* Begin PBXContainerItemProxy section */
		44988C5825722ACC00B5ADD5 /* PBXContainerItemProxy */ = {
			isa = PBXContainerItemProxy;
			containerPortal = 44BE6F0C2571FC4200BF8151 /* Project object */;
			proxyType = 1;
			remoteGlobalIDString = 44BE6F132571FC4200BF8151;
			remoteInfo = SideDish;
		};
/* End PBXContainerItemProxy section */

/* Begin PBXFileReference section */
		444FE3312572B808008D45EC /* SideDishUseCaseTests.swift */ = {isa = PBXFileReference; lastKnownFileType = sourcecode.swift; path = SideDishUseCaseTests.swift; sourceTree = "<group>"; };
		444FE3352572BFDD008D45EC /* SideDish+Encodable.swift */ = {isa = PBXFileReference; lastKnownFileType = sourcecode.swift; path = "SideDish+Encodable.swift"; sourceTree = "<group>"; };
		444FE3392572C001008D45EC /* UseCaseError+Equatable.swift */ = {isa = PBXFileReference; lastKnownFileType = sourcecode.swift; path = "UseCaseError+Equatable.swift"; sourceTree = "<group>"; };
		444FE33E2572C037008D45EC /* MockRequest.swift */ = {isa = PBXFileReference; lastKnownFileType = sourcecode.swift; path = MockRequest.swift; sourceTree = "<group>"; };
		444FE3442572C051008D45EC /* MockNetworkService.swift */ = {isa = PBXFileReference; lastKnownFileType = sourcecode.swift; path = MockNetworkService.swift; sourceTree = "<group>"; };
		444FE3482572C188008D45EC /* SideDishViewModelTests.swift */ = {isa = PBXFileReference; lastKnownFileType = sourcecode.swift; path = SideDishViewModelTests.swift; sourceTree = "<group>"; };
		444FE34C2572C7CB008D45EC /* MockSideDishUseCase.swift */ = {isa = PBXFileReference; lastKnownFileType = sourcecode.swift; path = MockSideDishUseCase.swift; sourceTree = "<group>"; };
		444FE3502572C804008D45EC /* SideDishViewModel.State+Equatable.swift */ = {isa = PBXFileReference; lastKnownFileType = sourcecode.swift; path = "SideDishViewModel.State+Equatable.swift"; sourceTree = "<group>"; };
		444FE3542572C832008D45EC /* SideDishCategory+Equatable.swift */ = {isa = PBXFileReference; lastKnownFileType = sourcecode.swift; path = "SideDishCategory+Equatable.swift"; sourceTree = "<group>"; };
		44988C4C257225EF00B5ADD5 /* NetworkService.swift */ = {isa = PBXFileReference; lastKnownFileType = sourcecode.swift; path = NetworkService.swift; sourceTree = "<group>"; };
		44988C5325722ACC00B5ADD5 /* SideDishTests.xctest */ = {isa = PBXFileReference; explicitFileType = wrapper.cfbundle; includeInIndex = 0; path = SideDishTests.xctest; sourceTree = BUILT_PRODUCTS_DIR; };
		44988C5525722ACC00B5ADD5 /* NetworkServiceTests.swift */ = {isa = PBXFileReference; lastKnownFileType = sourcecode.swift; path = NetworkServiceTests.swift; sourceTree = "<group>"; };
		44988C5725722ACC00B5ADD5 /* Info.plist */ = {isa = PBXFileReference; lastKnownFileType = text.plist.xml; path = Info.plist; sourceTree = "<group>"; };
		44988C6225722EAD00B5ADD5 /* NetworkError+Equatable.swift */ = {isa = PBXFileReference; lastKnownFileType = sourcecode.swift; path = "NetworkError+Equatable.swift"; sourceTree = "<group>"; };
		44988C6825722FEE00B5ADD5 /* SideDishUseCase.swift */ = {isa = PBXFileReference; lastKnownFileType = sourcecode.swift; path = SideDishUseCase.swift; sourceTree = "<group>"; };
		44988C6C2572353800B5ADD5 /* EndPoint.swift */ = {isa = PBXFileReference; lastKnownFileType = sourcecode.swift; path = EndPoint.swift; sourceTree = "<group>"; };
		44988C70257236A800B5ADD5 /* StatusBarModifier.swift */ = {isa = PBXFileReference; lastKnownFileType = sourcecode.swift; path = StatusBarModifier.swift; sourceTree = "<group>"; };
		44988C7425723D1100B5ADD5 /* SideDishViewModel.swift */ = {isa = PBXFileReference; lastKnownFileType = sourcecode.swift; path = SideDishViewModel.swift; sourceTree = "<group>"; };
		44BE6F142571FC4200BF8151 /* SideDish.app */ = {isa = PBXFileReference; explicitFileType = wrapper.application; includeInIndex = 0; path = SideDish.app; sourceTree = BUILT_PRODUCTS_DIR; };
		44BE6F172571FC4200BF8151 /* SideDishApp.swift */ = {isa = PBXFileReference; lastKnownFileType = sourcecode.swift; path = SideDishApp.swift; sourceTree = "<group>"; };
		44BE6F1B2571FC4300BF8151 /* Assets.xcassets */ = {isa = PBXFileReference; lastKnownFileType = folder.assetcatalog; path = Assets.xcassets; sourceTree = "<group>"; };
		44BE6F1E2571FC4300BF8151 /* Preview Assets.xcassets */ = {isa = PBXFileReference; lastKnownFileType = folder.assetcatalog; path = "Preview Assets.xcassets"; sourceTree = "<group>"; };
		44BE6F202571FC4300BF8151 /* Info.plist */ = {isa = PBXFileReference; lastKnownFileType = text.plist.xml; path = Info.plist; sourceTree = "<group>"; };
		44BE6F272571FE4200BF8151 /* SideDishRow.swift */ = {isa = PBXFileReference; lastKnownFileType = sourcecode.swift; path = SideDishRow.swift; sourceTree = "<group>"; };
		44BE6F2A2572035400BF8151 /* Badge.swift */ = {isa = PBXFileReference; lastKnownFileType = sourcecode.swift; path = Badge.swift; sourceTree = "<group>"; };
		44BE6F312572066B00BF8151 /* Color+Extensions.swift */ = {isa = PBXFileReference; lastKnownFileType = sourcecode.swift; path = "Color+Extensions.swift"; sourceTree = "<group>"; };
		44DF73FA2572B24E001313A0 /* SideDishList.swift */ = {isa = PBXFileReference; lastKnownFileType = sourcecode.swift; path = SideDishList.swift; sourceTree = "<group>"; };
		44E47130257208BE00FAB924 /* TextModifiers.swift */ = {isa = PBXFileReference; lastKnownFileType = sourcecode.swift; path = TextModifiers.swift; sourceTree = "<group>"; };
		44E4713425720C7B00FAB924 /* Font+Extensions.swift */ = {isa = PBXFileReference; lastKnownFileType = sourcecode.swift; path = "Font+Extensions.swift"; sourceTree = "<group>"; };
		44E4713C25720EA500FAB924 /* SideDish.swift */ = {isa = PBXFileReference; lastKnownFileType = sourcecode.swift; path = SideDish.swift; sourceTree = "<group>"; };
		44E47143257211FC00FAB924 /* SideDishHome.swift */ = {isa = PBXFileReference; lastKnownFileType = sourcecode.swift; path = SideDishHome.swift; sourceTree = "<group>"; };
		44E4714D25721CE600FAB924 /* SideDishHeader.swift */ = {isa = PBXFileReference; lastKnownFileType = sourcecode.swift; path = SideDishHeader.swift; sourceTree = "<group>"; };
		44F81EDD2573604C000780D2 /* SideDishDetail.swift */ = {isa = PBXFileReference; lastKnownFileType = sourcecode.swift; path = SideDishDetail.swift; sourceTree = "<group>"; };
/* End PBXFileReference section */

/* Begin PBXFrameworksBuildPhase section */
		44988C5025722ACC00B5ADD5 /* Frameworks */ = {
			isa = PBXFrameworksBuildPhase;
			buildActionMask = 2147483647;
			files = (
			);
			runOnlyForDeploymentPostprocessing = 0;
		};
		44BE6F112571FC4200BF8151 /* Frameworks */ = {
			isa = PBXFrameworksBuildPhase;
			buildActionMask = 2147483647;
			files = (
				44E365802572786E00D49C58 /* KingfisherSwiftUI in Frameworks */,
			);
			runOnlyForDeploymentPostprocessing = 0;
		};
/* End PBXFrameworksBuildPhase section */

/* Begin PBXGroup section */
		444FE33D2572C020008D45EC /* Mock */ = {
			isa = PBXGroup;
			children = (
				444FE33E2572C037008D45EC /* MockRequest.swift */,
				444FE3442572C051008D45EC /* MockNetworkService.swift */,
				444FE34C2572C7CB008D45EC /* MockSideDishUseCase.swift */,
			);
			path = Mock;
			sourceTree = "<group>";
		};
		44988C5425722ACC00B5ADD5 /* SideDishTests */ = {
			isa = PBXGroup;
			children = (
				444FE3482572C188008D45EC /* SideDishViewModelTests.swift */,
				444FE3312572B808008D45EC /* SideDishUseCaseTests.swift */,
				44988C5525722ACC00B5ADD5 /* NetworkServiceTests.swift */,
				444FE33D2572C020008D45EC /* Mock */,
				44988C6125722EA100B5ADD5 /* Extensions */,
				44988C5725722ACC00B5ADD5 /* Info.plist */,
			);
			path = SideDishTests;
			sourceTree = "<group>";
		};
		44988C6125722EA100B5ADD5 /* Extensions */ = {
			isa = PBXGroup;
			children = (
				44988C6225722EAD00B5ADD5 /* NetworkError+Equatable.swift */,
				444FE3352572BFDD008D45EC /* SideDish+Encodable.swift */,
				444FE3392572C001008D45EC /* UseCaseError+Equatable.swift */,
				444FE3502572C804008D45EC /* SideDishViewModel.State+Equatable.swift */,
				444FE3542572C832008D45EC /* SideDishCategory+Equatable.swift */,
			);
			path = Extensions;
			sourceTree = "<group>";
		};
		44BE6F0B2571FC4200BF8151 = {
			isa = PBXGroup;
			children = (
				44BE6F162571FC4200BF8151 /* SideDish */,
				44988C5425722ACC00B5ADD5 /* SideDishTests */,
				44BE6F152571FC4200BF8151 /* Products */,
			);
			sourceTree = "<group>";
		};
		44BE6F152571FC4200BF8151 /* Products */ = {
			isa = PBXGroup;
			children = (
				44BE6F142571FC4200BF8151 /* SideDish.app */,
				44988C5325722ACC00B5ADD5 /* SideDishTests.xctest */,
			);
			name = Products;
			sourceTree = "<group>";
		};
		44BE6F162571FC4200BF8151 /* SideDish */ = {
			isa = PBXGroup;
			children = (
				44BE6F172571FC4200BF8151 /* SideDishApp.swift */,
				44E471512572253D00FAB924 /* Views */,
				44E4713B25720E8B00FAB924 /* Models */,
				44E4712F257208B400FAB924 /* Modifiers */,
				44BE6F352572070500BF8151 /* Extensions */,
				44BE6F1B2571FC4300BF8151 /* Assets.xcassets */,
				44BE6F202571FC4300BF8151 /* Info.plist */,
				44BE6F1D2571FC4300BF8151 /* Preview Content */,
			);
			path = SideDish;
			sourceTree = "<group>";
		};
		44BE6F1D2571FC4300BF8151 /* Preview Content */ = {
			isa = PBXGroup;
			children = (
				44BE6F1E2571FC4300BF8151 /* Preview Assets.xcassets */,
			);
			path = "Preview Content";
			sourceTree = "<group>";
		};
		44BE6F352572070500BF8151 /* Extensions */ = {
			isa = PBXGroup;
			children = (
				44BE6F312572066B00BF8151 /* Color+Extensions.swift */,
				44E4713425720C7B00FAB924 /* Font+Extensions.swift */,
			);
			path = Extensions;
			sourceTree = "<group>";
		};
		44E4712F257208B400FAB924 /* Modifiers */ = {
			isa = PBXGroup;
			children = (
				44E47130257208BE00FAB924 /* TextModifiers.swift */,
				44988C70257236A800B5ADD5 /* StatusBarModifier.swift */,
			);
			path = Modifiers;
			sourceTree = "<group>";
		};
		44E4713B25720E8B00FAB924 /* Models */ = {
			isa = PBXGroup;
			children = (
				44E4713C25720EA500FAB924 /* SideDish.swift */,
				44988C4C257225EF00B5ADD5 /* NetworkService.swift */,
				44988C6825722FEE00B5ADD5 /* SideDishUseCase.swift */,
				44988C6C2572353800B5ADD5 /* EndPoint.swift */,
				44988C7425723D1100B5ADD5 /* SideDishViewModel.swift */,
			);
			path = Models;
			sourceTree = "<group>";
		};
		44E471512572253D00FAB924 /* Views */ = {
			isa = PBXGroup;
			children = (
				44BE6F272571FE4200BF8151 /* SideDishRow.swift */,
				44E47143257211FC00FAB924 /* SideDishHome.swift */,
				44DF73FA2572B24E001313A0 /* SideDishList.swift */,
				44E4714D25721CE600FAB924 /* SideDishHeader.swift */,
				44BE6F2A2572035400BF8151 /* Badge.swift */,
				44F81EDD2573604C000780D2 /* SideDishDetail.swift */,
			);
			path = Views;
			sourceTree = "<group>";
		};
/* End PBXGroup section */

/* Begin PBXNativeTarget section */
		44988C5225722ACC00B5ADD5 /* SideDishTests */ = {
			isa = PBXNativeTarget;
			buildConfigurationList = 44988C5A25722ACC00B5ADD5 /* Build configuration list for PBXNativeTarget "SideDishTests" */;
			buildPhases = (
				44988C4F25722ACC00B5ADD5 /* Sources */,
				44988C5025722ACC00B5ADD5 /* Frameworks */,
				44988C5125722ACC00B5ADD5 /* Resources */,
			);
			buildRules = (
			);
			dependencies = (
				44988C5925722ACC00B5ADD5 /* PBXTargetDependency */,
			);
			name = SideDishTests;
			productName = SideDishTests;
			productReference = 44988C5325722ACC00B5ADD5 /* SideDishTests.xctest */;
			productType = "com.apple.product-type.bundle.unit-test";
		};
		44BE6F132571FC4200BF8151 /* SideDish */ = {
			isa = PBXNativeTarget;
			buildConfigurationList = 44BE6F232571FC4300BF8151 /* Build configuration list for PBXNativeTarget "SideDish" */;
			buildPhases = (
				44BE6F102571FC4200BF8151 /* Sources */,
				44BE6F112571FC4200BF8151 /* Frameworks */,
				44BE6F122571FC4200BF8151 /* Resources */,
			);
			buildRules = (
			);
			dependencies = (
			);
			name = SideDish;
			packageProductDependencies = (
				44E3657F2572786E00D49C58 /* KingfisherSwiftUI */,
			);
			productName = SideDish;
			productReference = 44BE6F142571FC4200BF8151 /* SideDish.app */;
			productType = "com.apple.product-type.application";
		};
/* End PBXNativeTarget section */

/* Begin PBXProject section */
		44BE6F0C2571FC4200BF8151 /* Project object */ = {
			isa = PBXProject;
			attributes = {
				LastSwiftUpdateCheck = 1220;
				LastUpgradeCheck = 1220;
				TargetAttributes = {
					44988C5225722ACC00B5ADD5 = {
						CreatedOnToolsVersion = 12.2;
						TestTargetID = 44BE6F132571FC4200BF8151;
					};
					44BE6F132571FC4200BF8151 = {
						CreatedOnToolsVersion = 12.2;
					};
				};
			};
			buildConfigurationList = 44BE6F0F2571FC4200BF8151 /* Build configuration list for PBXProject "SideDish" */;
			compatibilityVersion = "Xcode 9.3";
			developmentRegion = en;
			hasScannedForEncodings = 0;
			knownRegions = (
				en,
				Base,
			);
			mainGroup = 44BE6F0B2571FC4200BF8151;
			packageReferences = (
				44E3657E2572786E00D49C58 /* XCRemoteSwiftPackageReference "Kingfisher" */,
			);
			productRefGroup = 44BE6F152571FC4200BF8151 /* Products */;
			projectDirPath = "";
			projectRoot = "";
			targets = (
				44BE6F132571FC4200BF8151 /* SideDish */,
				44988C5225722ACC00B5ADD5 /* SideDishTests */,
			);
		};
/* End PBXProject section */

/* Begin PBXResourcesBuildPhase section */
		44988C5125722ACC00B5ADD5 /* Resources */ = {
			isa = PBXResourcesBuildPhase;
			buildActionMask = 2147483647;
			files = (
			);
			runOnlyForDeploymentPostprocessing = 0;
		};
		44BE6F122571FC4200BF8151 /* Resources */ = {
			isa = PBXResourcesBuildPhase;
			buildActionMask = 2147483647;
			files = (
				44BE6F1F2571FC4300BF8151 /* Preview Assets.xcassets in Resources */,
				44BE6F1C2571FC4300BF8151 /* Assets.xcassets in Resources */,
			);
			runOnlyForDeploymentPostprocessing = 0;
		};
/* End PBXResourcesBuildPhase section */

/* Begin PBXSourcesBuildPhase section */
		44988C4F25722ACC00B5ADD5 /* Sources */ = {
			isa = PBXSourcesBuildPhase;
			buildActionMask = 2147483647;
			files = (
				444FE33A2572C001008D45EC /* UseCaseError+Equatable.swift in Sources */,
				444FE3452572C051008D45EC /* MockNetworkService.swift in Sources */,
				444FE3362572BFDD008D45EC /* SideDish+Encodable.swift in Sources */,
				444FE3492572C188008D45EC /* SideDishViewModelTests.swift in Sources */,
				44988C6325722EAD00B5ADD5 /* NetworkError+Equatable.swift in Sources */,
				444FE3512572C804008D45EC /* SideDishViewModel.State+Equatable.swift in Sources */,
				444FE3322572B808008D45EC /* SideDishUseCaseTests.swift in Sources */,
				44988C5625722ACC00B5ADD5 /* NetworkServiceTests.swift in Sources */,
				444FE3552572C832008D45EC /* SideDishCategory+Equatable.swift in Sources */,
				444FE34D2572C7CB008D45EC /* MockSideDishUseCase.swift in Sources */,
				444FE33F2572C037008D45EC /* MockRequest.swift in Sources */,
			);
			runOnlyForDeploymentPostprocessing = 0;
		};
		44BE6F102571FC4200BF8151 /* Sources */ = {
			isa = PBXSourcesBuildPhase;
			buildActionMask = 2147483647;
			files = (
				44988C4D257225EF00B5ADD5 /* NetworkService.swift in Sources */,
				44DF73FB2572B24E001313A0 /* SideDishList.swift in Sources */,
				44E47144257211FC00FAB924 /* SideDishHome.swift in Sources */,
				44E47131257208BE00FAB924 /* TextModifiers.swift in Sources */,
				44BE6F322572066B00BF8151 /* Color+Extensions.swift in Sources */,
				44988C6925722FEE00B5ADD5 /* SideDishUseCase.swift in Sources */,
				44E4713525720C7B00FAB924 /* Font+Extensions.swift in Sources */,
				44988C6D2572353800B5ADD5 /* EndPoint.swift in Sources */,
				44BE6F2B2572035400BF8151 /* Badge.swift in Sources */,
				44BE6F282571FE4200BF8151 /* SideDishRow.swift in Sources */,
				44988C7525723D1100B5ADD5 /* SideDishViewModel.swift in Sources */,
				44E4714E25721CE600FAB924 /* SideDishHeader.swift in Sources */,
				44E4713D25720EA500FAB924 /* SideDish.swift in Sources */,
				44BE6F182571FC4200BF8151 /* SideDishApp.swift in Sources */,
				44988C71257236A800B5ADD5 /* StatusBarModifier.swift in Sources */,
				44F81EDE2573604C000780D2 /* SideDishDetail.swift in Sources */,
			);
			runOnlyForDeploymentPostprocessing = 0;
		};
/* End PBXSourcesBuildPhase section */

/* Begin PBXTargetDependency section */
		44988C5925722ACC00B5ADD5 /* PBXTargetDependency */ = {
			isa = PBXTargetDependency;
			target = 44BE6F132571FC4200BF8151 /* SideDish */;
			targetProxy = 44988C5825722ACC00B5ADD5 /* PBXContainerItemProxy */;
		};
/* End PBXTargetDependency section */

/* Begin XCBuildConfiguration section */
		44988C5B25722ACC00B5ADD5 /* Debug */ = {
			isa = XCBuildConfiguration;
			buildSettings = {
				BUNDLE_LOADER = "$(TEST_HOST)";
				CODE_SIGN_STYLE = Automatic;
				DEVELOPMENT_TEAM = B3PWYBKFUK;
				INFOPLIST_FILE = SideDishTests/Info.plist;
				LD_RUNPATH_SEARCH_PATHS = (
					"$(inherited)",
					"@executable_path/Frameworks",
					"@loader_path/Frameworks",
				);
				PRODUCT_BUNDLE_IDENTIFIER = com.ttozzi.SideDishTests;
				PRODUCT_NAME = "$(TARGET_NAME)";
				SWIFT_VERSION = 5.0;
				TARGETED_DEVICE_FAMILY = "1,2";
				TEST_HOST = "$(BUILT_PRODUCTS_DIR)/SideDish.app/SideDish";
			};
			name = Debug;
		};
		44988C5C25722ACC00B5ADD5 /* Release */ = {
			isa = XCBuildConfiguration;
			buildSettings = {
				BUNDLE_LOADER = "$(TEST_HOST)";
				CODE_SIGN_STYLE = Automatic;
				DEVELOPMENT_TEAM = B3PWYBKFUK;
				INFOPLIST_FILE = SideDishTests/Info.plist;
				LD_RUNPATH_SEARCH_PATHS = (
					"$(inherited)",
					"@executable_path/Frameworks",
					"@loader_path/Frameworks",
				);
				PRODUCT_BUNDLE_IDENTIFIER = com.ttozzi.SideDishTests;
				PRODUCT_NAME = "$(TARGET_NAME)";
				SWIFT_VERSION = 5.0;
				TARGETED_DEVICE_FAMILY = "1,2";
				TEST_HOST = "$(BUILT_PRODUCTS_DIR)/SideDish.app/SideDish";
			};
			name = Release;
		};
		44BE6F212571FC4300BF8151 /* Debug */ = {
			isa = XCBuildConfiguration;
			buildSettings = {
				ALWAYS_SEARCH_USER_PATHS = NO;
				CLANG_ANALYZER_NONNULL = YES;
				CLANG_ANALYZER_NUMBER_OBJECT_CONVERSION = YES_AGGRESSIVE;
				CLANG_CXX_LANGUAGE_STANDARD = "gnu++14";
				CLANG_CXX_LIBRARY = "libc++";
				CLANG_ENABLE_MODULES = YES;
				CLANG_ENABLE_OBJC_ARC = YES;
				CLANG_ENABLE_OBJC_WEAK = YES;
				CLANG_WARN_BLOCK_CAPTURE_AUTORELEASING = YES;
				CLANG_WARN_BOOL_CONVERSION = YES;
				CLANG_WARN_COMMA = YES;
				CLANG_WARN_CONSTANT_CONVERSION = YES;
				CLANG_WARN_DEPRECATED_OBJC_IMPLEMENTATIONS = YES;
				CLANG_WARN_DIRECT_OBJC_ISA_USAGE = YES_ERROR;
				CLANG_WARN_DOCUMENTATION_COMMENTS = YES;
				CLANG_WARN_EMPTY_BODY = YES;
				CLANG_WARN_ENUM_CONVERSION = YES;
				CLANG_WARN_INFINITE_RECURSION = YES;
				CLANG_WARN_INT_CONVERSION = YES;
				CLANG_WARN_NON_LITERAL_NULL_CONVERSION = YES;
				CLANG_WARN_OBJC_IMPLICIT_RETAIN_SELF = YES;
				CLANG_WARN_OBJC_LITERAL_CONVERSION = YES;
				CLANG_WARN_OBJC_ROOT_CLASS = YES_ERROR;
				CLANG_WARN_QUOTED_INCLUDE_IN_FRAMEWORK_HEADER = YES;
				CLANG_WARN_RANGE_LOOP_ANALYSIS = YES;
				CLANG_WARN_STRICT_PROTOTYPES = YES;
				CLANG_WARN_SUSPICIOUS_MOVE = YES;
				CLANG_WARN_UNGUARDED_AVAILABILITY = YES_AGGRESSIVE;
				CLANG_WARN_UNREACHABLE_CODE = YES;
				CLANG_WARN__DUPLICATE_METHOD_MATCH = YES;
				COPY_PHASE_STRIP = NO;
				DEBUG_INFORMATION_FORMAT = dwarf;
				ENABLE_STRICT_OBJC_MSGSEND = YES;
				ENABLE_TESTABILITY = YES;
				GCC_C_LANGUAGE_STANDARD = gnu11;
				GCC_DYNAMIC_NO_PIC = NO;
				GCC_NO_COMMON_BLOCKS = YES;
				GCC_OPTIMIZATION_LEVEL = 0;
				GCC_PREPROCESSOR_DEFINITIONS = (
					"DEBUG=1",
					"$(inherited)",
				);
				GCC_WARN_64_TO_32_BIT_CONVERSION = YES;
				GCC_WARN_ABOUT_RETURN_TYPE = YES_ERROR;
				GCC_WARN_UNDECLARED_SELECTOR = YES;
				GCC_WARN_UNINITIALIZED_AUTOS = YES_AGGRESSIVE;
				GCC_WARN_UNUSED_FUNCTION = YES;
				GCC_WARN_UNUSED_VARIABLE = YES;
				IPHONEOS_DEPLOYMENT_TARGET = 14.2;
				MTL_ENABLE_DEBUG_INFO = INCLUDE_SOURCE;
				MTL_FAST_MATH = YES;
				ONLY_ACTIVE_ARCH = YES;
				SDKROOT = iphoneos;
				SWIFT_ACTIVE_COMPILATION_CONDITIONS = DEBUG;
				SWIFT_OPTIMIZATION_LEVEL = "-Onone";
			};
			name = Debug;
		};
		44BE6F222571FC4300BF8151 /* Release */ = {
			isa = XCBuildConfiguration;
			buildSettings = {
				ALWAYS_SEARCH_USER_PATHS = NO;
				CLANG_ANALYZER_NONNULL = YES;
				CLANG_ANALYZER_NUMBER_OBJECT_CONVERSION = YES_AGGRESSIVE;
				CLANG_CXX_LANGUAGE_STANDARD = "gnu++14";
				CLANG_CXX_LIBRARY = "libc++";
				CLANG_ENABLE_MODULES = YES;
				CLANG_ENABLE_OBJC_ARC = YES;
				CLANG_ENABLE_OBJC_WEAK = YES;
				CLANG_WARN_BLOCK_CAPTURE_AUTORELEASING = YES;
				CLANG_WARN_BOOL_CONVERSION = YES;
				CLANG_WARN_COMMA = YES;
				CLANG_WARN_CONSTANT_CONVERSION = YES;
				CLANG_WARN_DEPRECATED_OBJC_IMPLEMENTATIONS = YES;
				CLANG_WARN_DIRECT_OBJC_ISA_USAGE = YES_ERROR;
				CLANG_WARN_DOCUMENTATION_COMMENTS = YES;
				CLANG_WARN_EMPTY_BODY = YES;
				CLANG_WARN_ENUM_CONVERSION = YES;
				CLANG_WARN_INFINITE_RECURSION = YES;
				CLANG_WARN_INT_CONVERSION = YES;
				CLANG_WARN_NON_LITERAL_NULL_CONVERSION = YES;
				CLANG_WARN_OBJC_IMPLICIT_RETAIN_SELF = YES;
				CLANG_WARN_OBJC_LITERAL_CONVERSION = YES;
				CLANG_WARN_OBJC_ROOT_CLASS = YES_ERROR;
				CLANG_WARN_QUOTED_INCLUDE_IN_FRAMEWORK_HEADER = YES;
				CLANG_WARN_RANGE_LOOP_ANALYSIS = YES;
				CLANG_WARN_STRICT_PROTOTYPES = YES;
				CLANG_WARN_SUSPICIOUS_MOVE = YES;
				CLANG_WARN_UNGUARDED_AVAILABILITY = YES_AGGRESSIVE;
				CLANG_WARN_UNREACHABLE_CODE = YES;
				CLANG_WARN__DUPLICATE_METHOD_MATCH = YES;
				COPY_PHASE_STRIP = NO;
				DEBUG_INFORMATION_FORMAT = "dwarf-with-dsym";
				ENABLE_NS_ASSERTIONS = NO;
				ENABLE_STRICT_OBJC_MSGSEND = YES;
				GCC_C_LANGUAGE_STANDARD = gnu11;
				GCC_NO_COMMON_BLOCKS = YES;
				GCC_WARN_64_TO_32_BIT_CONVERSION = YES;
				GCC_WARN_ABOUT_RETURN_TYPE = YES_ERROR;
				GCC_WARN_UNDECLARED_SELECTOR = YES;
				GCC_WARN_UNINITIALIZED_AUTOS = YES_AGGRESSIVE;
				GCC_WARN_UNUSED_FUNCTION = YES;
				GCC_WARN_UNUSED_VARIABLE = YES;
				IPHONEOS_DEPLOYMENT_TARGET = 14.2;
				MTL_ENABLE_DEBUG_INFO = NO;
				MTL_FAST_MATH = YES;
				SDKROOT = iphoneos;
				SWIFT_COMPILATION_MODE = wholemodule;
				SWIFT_OPTIMIZATION_LEVEL = "-O";
				VALIDATE_PRODUCT = YES;
			};
			name = Release;
		};
		44BE6F242571FC4300BF8151 /* Debug */ = {
			isa = XCBuildConfiguration;
			buildSettings = {
				ASSETCATALOG_COMPILER_APPICON_NAME = AppIcon;
				ASSETCATALOG_COMPILER_GLOBAL_ACCENT_COLOR_NAME = AccentColor;
				CODE_SIGN_STYLE = Automatic;
				DEVELOPMENT_ASSET_PATHS = "\"SideDish/Preview Content\"";
				DEVELOPMENT_TEAM = B3PWYBKFUK;
				ENABLE_PREVIEWS = YES;
				INFOPLIST_FILE = SideDish/Info.plist;
				IPHONEOS_DEPLOYMENT_TARGET = 14.0;
				LD_RUNPATH_SEARCH_PATHS = (
					"$(inherited)",
					"@executable_path/Frameworks",
				);
				PRODUCT_BUNDLE_IDENTIFIER = com.ttozzi.SideDish;
				PRODUCT_NAME = "$(TARGET_NAME)";
				SWIFT_VERSION = 5.0;
				TARGETED_DEVICE_FAMILY = "1,2";
			};
			name = Debug;
		};
		44BE6F252571FC4300BF8151 /* Release */ = {
			isa = XCBuildConfiguration;
			buildSettings = {
				ASSETCATALOG_COMPILER_APPICON_NAME = AppIcon;
				ASSETCATALOG_COMPILER_GLOBAL_ACCENT_COLOR_NAME = AccentColor;
				CODE_SIGN_STYLE = Automatic;
				DEVELOPMENT_ASSET_PATHS = "\"SideDish/Preview Content\"";
				DEVELOPMENT_TEAM = B3PWYBKFUK;
				ENABLE_PREVIEWS = YES;
				INFOPLIST_FILE = SideDish/Info.plist;
				IPHONEOS_DEPLOYMENT_TARGET = 14.0;
				LD_RUNPATH_SEARCH_PATHS = (
					"$(inherited)",
					"@executable_path/Frameworks",
				);
				PRODUCT_BUNDLE_IDENTIFIER = com.ttozzi.SideDish;
				PRODUCT_NAME = "$(TARGET_NAME)";
				SWIFT_VERSION = 5.0;
				TARGETED_DEVICE_FAMILY = "1,2";
			};
			name = Release;
		};
/* End XCBuildConfiguration section */

/* Begin XCConfigurationList section */
		44988C5A25722ACC00B5ADD5 /* Build configuration list for PBXNativeTarget "SideDishTests" */ = {
			isa = XCConfigurationList;
			buildConfigurations = (
				44988C5B25722ACC00B5ADD5 /* Debug */,
				44988C5C25722ACC00B5ADD5 /* Release */,
			);
			defaultConfigurationIsVisible = 0;
			defaultConfigurationName = Release;
		};
		44BE6F0F2571FC4200BF8151 /* Build configuration list for PBXProject "SideDish" */ = {
			isa = XCConfigurationList;
			buildConfigurations = (
				44BE6F212571FC4300BF8151 /* Debug */,
				44BE6F222571FC4300BF8151 /* Release */,
			);
			defaultConfigurationIsVisible = 0;
			defaultConfigurationName = Release;
		};
		44BE6F232571FC4300BF8151 /* Build configuration list for PBXNativeTarget "SideDish" */ = {
			isa = XCConfigurationList;
			buildConfigurations = (
				44BE6F242571FC4300BF8151 /* Debug */,
				44BE6F252571FC4300BF8151 /* Release */,
			);
			defaultConfigurationIsVisible = 0;
			defaultConfigurationName = Release;
		};
/* End XCConfigurationList section */

/* Begin XCRemoteSwiftPackageReference section */
		44E3657E2572786E00D49C58 /* XCRemoteSwiftPackageReference "Kingfisher" */ = {
			isa = XCRemoteSwiftPackageReference;
			repositoryURL = "https://github.com/onevcat/Kingfisher.git";
			requirement = {
				kind = upToNextMajorVersion;
				minimumVersion = 5.15.8;
			};
		};
/* End XCRemoteSwiftPackageReference section */

/* Begin XCSwiftPackageProductDependency section */
		44E3657F2572786E00D49C58 /* KingfisherSwiftUI */ = {
			isa = XCSwiftPackageProductDependency;
			package = 44E3657E2572786E00D49C58 /* XCRemoteSwiftPackageReference "Kingfisher" */;
			productName = KingfisherSwiftUI;
		};
/* End XCSwiftPackageProductDependency section */
	};
	rootObject = 44BE6F0C2571FC4200BF8151 /* Project object */;
}
